
Microsoft Visual Studio Solution File, Format Version 12.00
# Visual Studio Version 17
VisualStudioVersion = 17.5.33530.505
MinimumVisualStudioVersion = 10.0.40219.1
Project("{FAE04EC0-301F-11D3-BF4B-00C04F79EFBC}") = "TP01Punto10", "TP01Punto10\TP01Punto10.csproj", "{97929D19-DCA3-404B-B60D-FEFCFB589B3C}"
EndProject
Global
	GlobalSection(SolutionConfigurationPlatforms) = preSolution
		Debug|Any CPU = Debug|Any CPU
		Release|Any CPU = Release|Any CPU
	EndGlobalSection
	GlobalSection(ProjectConfigurationPlatforms) = postSolution
		{97929D19-DCA3-404B-B60D-FEFCFB589B3C}.Debug|Any CPU.ActiveCfg = Debug|Any CPU
		{97929D19-DCA3-404B-B60D-FEFCFB589B3C}.Debug|Any CPU.Build.0 = Debug|Any CPU
		{97929D19-DCA3-404B-B60D-FEFCFB589B3C}.Release|Any CPU.ActiveCfg = Release|Any CPU
		{97929D19-DCA3-404B-B60D-FEFCFB589B3C}.Release|Any CPU.Build.0 = Release|Any CPU
	EndGlobalSection
	GlobalSection(SolutionProperties) = preSolution
		HideSolutionNode = FALSE
	EndGlobalSection
	GlobalSection(ExtensibilityGlobals) = postSolution
		SolutionGuid = {BC505053-6DB1-438E-BE17-4A7917FFB59B}
	EndGlobalSection
EndGlobal
